// !$*UTF8*$!
{
	archiveVersion = 1;
	classes = {
	};
	objectVersion = 56;
	objects = {

/* Begin PBXBuildFile section */
		8C009A8828FD0CAA00382BE3 /* AppDelegate.swift in Sources */ = {isa = PBXBuildFile; fileRef = 8C009A8728FD0CAA00382BE3 /* AppDelegate.swift */; };
		8C009A8A28FD0CAA00382BE3 /* SceneDelegate.swift in Sources */ = {isa = PBXBuildFile; fileRef = 8C009A8928FD0CAA00382BE3 /* SceneDelegate.swift */; };
		8C009A8C28FD0CAA00382BE3 /* FeedViewController.swift in Sources */ = {isa = PBXBuildFile; fileRef = 8C009A8B28FD0CAA00382BE3 /* FeedViewController.swift */; };
		8C009A8F28FD0CAA00382BE3 /* Main.storyboard in Resources */ = {isa = PBXBuildFile; fileRef = 8C009A8D28FD0CAA00382BE3 /* Main.storyboard */; };
		8C009A9128FD0CAE00382BE3 /* Assets.xcassets in Resources */ = {isa = PBXBuildFile; fileRef = 8C009A9028FD0CAE00382BE3 /* Assets.xcassets */; };
		8C009A9428FD0CAE00382BE3 /* LaunchScreen.storyboard in Resources */ = {isa = PBXBuildFile; fileRef = 8C009A9228FD0CAE00382BE3 /* LaunchScreen.storyboard */; };
		8C009A9F28FD0E2A00382BE3 /* FeedView.swift in Sources */ = {isa = PBXBuildFile; fileRef = 8C009A9E28FD0E2A00382BE3 /* FeedView.swift */; };
		8C009AA428FD0EF300382BE3 /* CodableExtensions in Frameworks */ = {isa = PBXBuildFile; productRef = 8C009AA328FD0EF300382BE3 /* CodableExtensions */; };
		8C009AA628FD0F0A00382BE3 /* Secrets.swift in Sources */ = {isa = PBXBuildFile; fileRef = 8C009AA528FD0F0A00382BE3 /* Secrets.swift */; };
		8C009AAA28FD124400382BE3 /* MDBGenre.swift in Sources */ = {isa = PBXBuildFile; fileRef = 8C009AA928FD124300382BE3 /* MDBGenre.swift */; };
		8C009AAC28FD135100382BE3 /* ModelExtensions.swift in Sources */ = {isa = PBXBuildFile; fileRef = 8C009AAB28FD135100382BE3 /* ModelExtensions.swift */; };
		8C009AAE28FD141400382BE3 /* MDBResult.swift in Sources */ = {isa = PBXBuildFile; fileRef = 8C009AAD28FD141300382BE3 /* MDBResult.swift */; };
		8C009AB028FD148B00382BE3 /* TMDB.swift in Sources */ = {isa = PBXBuildFile; fileRef = 8C009AAF28FD148B00382BE3 /* TMDB.swift */; };
		8C009AB328FD155200382BE3 /* TMDBServices.swift in Sources */ = {isa = PBXBuildFile; fileRef = 8C009AB228FD155200382BE3 /* TMDBServices.swift */; };
		8C533FA228FD836800D41744 /* MDBRequest.swift in Sources */ = {isa = PBXBuildFile; fileRef = 8C533FA128FD836800D41744 /* MDBRequest.swift */; };
		8C533FBA28FE75FC00D41744 /* ServicesExtensions.swift in Sources */ = {isa = PBXBuildFile; fileRef = 8C533FB928FE75FC00D41744 /* ServicesExtensions.swift */; };
/* End PBXBuildFile section */

/* Begin PBXFileReference section */
		8C009A8428FD0CAA00382BE3 /* MovieAgenda.app */ = {isa = PBXFileReference; explicitFileType = wrapper.application; includeInIndex = 0; path = MovieAgenda.app; sourceTree = BUILT_PRODUCTS_DIR; };
		8C009A8728FD0CAA00382BE3 /* AppDelegate.swift */ = {isa = PBXFileReference; lastKnownFileType = sourcecode.swift; path = AppDelegate.swift; sourceTree = "<group>"; };
		8C009A8928FD0CAA00382BE3 /* SceneDelegate.swift */ = {isa = PBXFileReference; lastKnownFileType = sourcecode.swift; path = SceneDelegate.swift; sourceTree = "<group>"; };
		8C009A8B28FD0CAA00382BE3 /* FeedViewController.swift */ = {isa = PBXFileReference; lastKnownFileType = sourcecode.swift; path = FeedViewController.swift; sourceTree = "<group>"; };
		8C009A8E28FD0CAA00382BE3 /* Base */ = {isa = PBXFileReference; lastKnownFileType = file.storyboard; name = Base; path = Base.lproj/Main.storyboard; sourceTree = "<group>"; };
		8C009A9028FD0CAE00382BE3 /* Assets.xcassets */ = {isa = PBXFileReference; lastKnownFileType = folder.assetcatalog; path = Assets.xcassets; sourceTree = "<group>"; };
		8C009A9328FD0CAE00382BE3 /* Base */ = {isa = PBXFileReference; lastKnownFileType = file.storyboard; name = Base; path = Base.lproj/LaunchScreen.storyboard; sourceTree = "<group>"; };
		8C009A9528FD0CAE00382BE3 /* Info.plist */ = {isa = PBXFileReference; lastKnownFileType = text.plist.xml; path = Info.plist; sourceTree = "<group>"; };
		8C009A9E28FD0E2A00382BE3 /* FeedView.swift */ = {isa = PBXFileReference; lastKnownFileType = sourcecode.swift; path = FeedView.swift; sourceTree = "<group>"; };
		8C009AA528FD0F0A00382BE3 /* Secrets.swift */ = {isa = PBXFileReference; lastKnownFileType = sourcecode.swift; path = Secrets.swift; sourceTree = "<group>"; };
		8C009AA928FD124300382BE3 /* MDBGenre.swift */ = {isa = PBXFileReference; fileEncoding = 4; lastKnownFileType = sourcecode.swift; path = MDBGenre.swift; sourceTree = "<group>"; };
		8C009AAB28FD135100382BE3 /* ModelExtensions.swift */ = {isa = PBXFileReference; fileEncoding = 4; lastKnownFileType = sourcecode.swift; path = ModelExtensions.swift; sourceTree = "<group>"; };
		8C009AAD28FD141300382BE3 /* MDBResult.swift */ = {isa = PBXFileReference; fileEncoding = 4; lastKnownFileType = sourcecode.swift; path = MDBResult.swift; sourceTree = "<group>"; };
		8C009AAF28FD148B00382BE3 /* TMDB.swift */ = {isa = PBXFileReference; fileEncoding = 4; lastKnownFileType = sourcecode.swift; path = TMDB.swift; sourceTree = "<group>"; };
		8C009AB228FD155200382BE3 /* TMDBServices.swift */ = {isa = PBXFileReference; lastKnownFileType = sourcecode.swift; path = TMDBServices.swift; sourceTree = "<group>"; };
		8C533FA128FD836800D41744 /* MDBRequest.swift */ = {isa = PBXFileReference; lastKnownFileType = sourcecode.swift; path = MDBRequest.swift; sourceTree = "<group>"; };
		8C533FB928FE75FC00D41744 /* ServicesExtensions.swift */ = {isa = PBXFileReference; lastKnownFileType = sourcecode.swift; path = ServicesExtensions.swift; sourceTree = "<group>"; };
/* End PBXFileReference section */

/* Begin PBXFrameworksBuildPhase section */
		8C009A8128FD0CA900382BE3 /* Frameworks */ = {
			isa = PBXFrameworksBuildPhase;
			buildActionMask = 2147483647;
			files = (
				8C009AA428FD0EF300382BE3 /* CodableExtensions in Frameworks */,
			);
			runOnlyForDeploymentPostprocessing = 0;
		};
/* End PBXFrameworksBuildPhase section */

/* Begin PBXGroup section */
		8C009A7B28FD0CA900382BE3 = {
			isa = PBXGroup;
			children = (
				8C009A8628FD0CAA00382BE3 /* MovieAgenda */,
				8C009A8528FD0CAA00382BE3 /* Products */,
			);
			sourceTree = "<group>";
		};
		8C009A8528FD0CAA00382BE3 /* Products */ = {
			isa = PBXGroup;
			children = (
				8C009A8428FD0CAA00382BE3 /* MovieAgenda.app */,
			);
			name = Products;
			sourceTree = "<group>";
		};
		8C009A8628FD0CAA00382BE3 /* MovieAgenda */ = {
			isa = PBXGroup;
			children = (
				8C009A9D28FD0D1800382BE3 /* Controller */,
				8C009A9C28FD0D1100382BE3 /* View */,
				8C009A9B28FD0D0900382BE3 /* Model */,
				8C009AB128FD14E400382BE3 /* Network */,
				8C009A9028FD0CAE00382BE3 /* Assets.xcassets */,
				8C009A9228FD0CAE00382BE3 /* LaunchScreen.storyboard */,
				8C009A9528FD0CAE00382BE3 /* Info.plist */,
			);
			path = MovieAgenda;
			sourceTree = "<group>";
		};
		8C009A9B28FD0D0900382BE3 /* Model */ = {
			isa = PBXGroup;
			children = (
				8C533FA128FD836800D41744 /* MDBRequest.swift */,
				8C009AAD28FD141300382BE3 /* MDBResult.swift */,
				8C009AA928FD124300382BE3 /* MDBGenre.swift */,
				8C009AAB28FD135100382BE3 /* ModelExtensions.swift */,
			);
			path = Model;
			sourceTree = "<group>";
		};
		8C009A9C28FD0D1100382BE3 /* View */ = {
			isa = PBXGroup;
			children = (
				8C009A9E28FD0E2A00382BE3 /* FeedView.swift */,
				8C009A8D28FD0CAA00382BE3 /* Main.storyboard */,
			);
			path = View;
			sourceTree = "<group>";
		};
		8C009A9D28FD0D1800382BE3 /* Controller */ = {
			isa = PBXGroup;
			children = (
				8C009A8728FD0CAA00382BE3 /* AppDelegate.swift */,
				8C009A8928FD0CAA00382BE3 /* SceneDelegate.swift */,
				8C009A8B28FD0CAA00382BE3 /* FeedViewController.swift */,
			);
			path = Controller;
			sourceTree = "<group>";
		};
		8C009AB128FD14E400382BE3 /* Network */ = {
			isa = PBXGroup;
			children = (
				8C009AA528FD0F0A00382BE3 /* Secrets.swift */,
				8C009AAF28FD148B00382BE3 /* TMDB.swift */,
				8C009AB228FD155200382BE3 /* TMDBServices.swift */,
				8C533FB928FE75FC00D41744 /* ServicesExtensions.swift */,
			);
			path = Network;
			sourceTree = "<group>";
		};
/* End PBXGroup section */

/* Begin PBXNativeTarget section */
		8C009A8328FD0CA900382BE3 /* MovieAgenda */ = {
			isa = PBXNativeTarget;
			buildConfigurationList = 8C009A9828FD0CAE00382BE3 /* Build configuration list for PBXNativeTarget "MovieAgenda" */;
			buildPhases = (
				8C009A8028FD0CA900382BE3 /* Sources */,
				8C009A8128FD0CA900382BE3 /* Frameworks */,
				8C009A8228FD0CA900382BE3 /* Resources */,
			);
			buildRules = (
			);
			dependencies = (
			);
			name = MovieAgenda;
			packageProductDependencies = (
				8C009AA328FD0EF300382BE3 /* CodableExtensions */,
			);
			productName = MovieAgenda;
			productReference = 8C009A8428FD0CAA00382BE3 /* MovieAgenda.app */;
			productType = "com.apple.product-type.application";
		};
/* End PBXNativeTarget section */

/* Begin PBXProject section */
		8C009A7C28FD0CA900382BE3 /* Project object */ = {
			isa = PBXProject;
			attributes = {
				BuildIndependentTargetsInParallel = 1;
				LastSwiftUpdateCheck = 1400;
				LastUpgradeCheck = 1400;
				TargetAttributes = {
					8C009A8328FD0CA900382BE3 = {
						CreatedOnToolsVersion = 14.0.1;
					};
				};
			};
			buildConfigurationList = 8C009A7F28FD0CA900382BE3 /* Build configuration list for PBXProject "MovieAgenda" */;
			compatibilityVersion = "Xcode 14.0";
			developmentRegion = en;
			hasScannedForEncodings = 0;
			knownRegions = (
				en,
				Base,
			);
			mainGroup = 8C009A7B28FD0CA900382BE3;
			packageReferences = (
				8C009AA228FD0EF300382BE3 /* XCRemoteSwiftPackageReference "CodableExtensions" */,
			);
			productRefGroup = 8C009A8528FD0CAA00382BE3 /* Products */;
			projectDirPath = "";
			projectRoot = "";
			targets = (
				8C009A8328FD0CA900382BE3 /* MovieAgenda */,
			);
		};
/* End PBXProject section */

/* Begin PBXResourcesBuildPhase section */
		8C009A8228FD0CA900382BE3 /* Resources */ = {
			isa = PBXResourcesBuildPhase;
			buildActionMask = 2147483647;
			files = (
				8C009A9428FD0CAE00382BE3 /* LaunchScreen.storyboard in Resources */,
				8C009A9128FD0CAE00382BE3 /* Assets.xcassets in Resources */,
				8C009A8F28FD0CAA00382BE3 /* Main.storyboard in Resources */,
			);
			runOnlyForDeploymentPostprocessing = 0;
		};
/* End PBXResourcesBuildPhase section */

/* Begin PBXSourcesBuildPhase section */
		8C009A8028FD0CA900382BE3 /* Sources */ = {
			isa = PBXSourcesBuildPhase;
			buildActionMask = 2147483647;
			files = (
				8C009AB328FD155200382BE3 /* TMDBServices.swift in Sources */,
				8C009A9F28FD0E2A00382BE3 /* FeedView.swift in Sources */,
				8C533FA228FD836800D41744 /* MDBRequest.swift in Sources */,
				8C009AAE28FD141400382BE3 /* MDBResult.swift in Sources */,
				8C009AA628FD0F0A00382BE3 /* Secrets.swift in Sources */,
				8C009A8C28FD0CAA00382BE3 /* FeedViewController.swift in Sources */,
				8C009AB028FD148B00382BE3 /* TMDB.swift in Sources */,
				8C009A8828FD0CAA00382BE3 /* AppDelegate.swift in Sources */,
				8C009AAC28FD135100382BE3 /* ModelExtensions.swift in Sources */,
				8C009AAA28FD124400382BE3 /* MDBGenre.swift in Sources */,
				8C009A8A28FD0CAA00382BE3 /* SceneDelegate.swift in Sources */,
				8C533FBA28FE75FC00D41744 /* ServicesExtensions.swift in Sources */,
			);
			runOnlyForDeploymentPostprocessing = 0;
		};
/* End PBXSourcesBuildPhase section */

/* Begin PBXVariantGroup section */
		8C009A8D28FD0CAA00382BE3 /* Main.storyboard */ = {
			isa = PBXVariantGroup;
			children = (
				8C009A8E28FD0CAA00382BE3 /* Base */,
			);
			name = Main.storyboard;
			sourceTree = "<group>";
		};
		8C009A9228FD0CAE00382BE3 /* LaunchScreen.storyboard */ = {
			isa = PBXVariantGroup;
			children = (
				8C009A9328FD0CAE00382BE3 /* Base */,
			);
			name = LaunchScreen.storyboard;
			sourceTree = "<group>";
		};
/* End PBXVariantGroup section */

/* Begin XCBuildConfiguration section */
		8C009A9628FD0CAE00382BE3 /* Debug */ = {
			isa = XCBuildConfiguration;
			buildSettings = {
				ALWAYS_SEARCH_USER_PATHS = NO;
				CLANG_ANALYZER_NONNULL = YES;
				CLANG_ANALYZER_NUMBER_OBJECT_CONVERSION = YES_AGGRESSIVE;
				CLANG_CXX_LANGUAGE_STANDARD = "gnu++20";
				CLANG_ENABLE_MODULES = YES;
				CLANG_ENABLE_OBJC_ARC = YES;
				CLANG_ENABLE_OBJC_WEAK = YES;
				CLANG_WARN_BLOCK_CAPTURE_AUTORELEASING = YES;
				CLANG_WARN_BOOL_CONVERSION = YES;
				CLANG_WARN_COMMA = YES;
				CLANG_WARN_CONSTANT_CONVERSION = YES;
				CLANG_WARN_DEPRECATED_OBJC_IMPLEMENTATIONS = YES;
				CLANG_WARN_DIRECT_OBJC_ISA_USAGE = YES_ERROR;
				CLANG_WARN_DOCUMENTATION_COMMENTS = YES;
				CLANG_WARN_EMPTY_BODY = YES;
				CLANG_WARN_ENUM_CONVERSION = YES;
				CLANG_WARN_INFINITE_RECURSION = YES;
				CLANG_WARN_INT_CONVERSION = YES;
				CLANG_WARN_NON_LITERAL_NULL_CONVERSION = YES;
				CLANG_WARN_OBJC_IMPLICIT_RETAIN_SELF = YES;
				CLANG_WARN_OBJC_LITERAL_CONVERSION = YES;
				CLANG_WARN_OBJC_ROOT_CLASS = YES_ERROR;
				CLANG_WARN_QUOTED_INCLUDE_IN_FRAMEWORK_HEADER = YES;
				CLANG_WARN_RANGE_LOOP_ANALYSIS = YES;
				CLANG_WARN_STRICT_PROTOTYPES = YES;
				CLANG_WARN_SUSPICIOUS_MOVE = YES;
				CLANG_WARN_UNGUARDED_AVAILABILITY = YES_AGGRESSIVE;
				CLANG_WARN_UNREACHABLE_CODE = YES;
				CLANG_WARN__DUPLICATE_METHOD_MATCH = YES;
				COPY_PHASE_STRIP = NO;
				DEBUG_INFORMATION_FORMAT = dwarf;
				ENABLE_STRICT_OBJC_MSGSEND = YES;
				ENABLE_TESTABILITY = YES;
				GCC_C_LANGUAGE_STANDARD = gnu11;
				GCC_DYNAMIC_NO_PIC = NO;
				GCC_NO_COMMON_BLOCKS = YES;
				GCC_OPTIMIZATION_LEVEL = 0;
				GCC_PREPROCESSOR_DEFINITIONS = (
					"DEBUG=1",
					"$(inherited)",
				);
				GCC_WARN_64_TO_32_BIT_CONVERSION = YES;
				GCC_WARN_ABOUT_RETURN_TYPE = YES_ERROR;
				GCC_WARN_UNDECLARED_SELECTOR = YES;
				GCC_WARN_UNINITIALIZED_AUTOS = YES_AGGRESSIVE;
				GCC_WARN_UNUSED_FUNCTION = YES;
				GCC_WARN_UNUSED_VARIABLE = YES;
				IPHONEOS_DEPLOYMENT_TARGET = 16.0;
				MTL_ENABLE_DEBUG_INFO = INCLUDE_SOURCE;
				MTL_FAST_MATH = YES;
				ONLY_ACTIVE_ARCH = YES;
				SDKROOT = iphoneos;
				SWIFT_ACTIVE_COMPILATION_CONDITIONS = DEBUG;
				SWIFT_OPTIMIZATION_LEVEL = "-Onone";
			};
			name = Debug;
		};
		8C009A9728FD0CAE00382BE3 /* Release */ = {
			isa = XCBuildConfiguration;
			buildSettings = {
				ALWAYS_SEARCH_USER_PATHS = NO;
				CLANG_ANALYZER_NONNULL = YES;
				CLANG_ANALYZER_NUMBER_OBJECT_CONVERSION = YES_AGGRESSIVE;
				CLANG_CXX_LANGUAGE_STANDARD = "gnu++20";
				CLANG_ENABLE_MODULES = YES;
				CLANG_ENABLE_OBJC_ARC = YES;
				CLANG_ENABLE_OBJC_WEAK = YES;
				CLANG_WARN_BLOCK_CAPTURE_AUTORELEASING = YES;
				CLANG_WARN_BOOL_CONVERSION = YES;
				CLANG_WARN_COMMA = YES;
				CLANG_WARN_CONSTANT_CONVERSION = YES;
				CLANG_WARN_DEPRECATED_OBJC_IMPLEMENTATIONS = YES;
				CLANG_WARN_DIRECT_OBJC_ISA_USAGE = YES_ERROR;
				CLANG_WARN_DOCUMENTATION_COMMENTS = YES;
				CLANG_WARN_EMPTY_BODY = YES;
				CLANG_WARN_ENUM_CONVERSION = YES;
				CLANG_WARN_INFINITE_RECURSION = YES;
				CLANG_WARN_INT_CONVERSION = YES;
				CLANG_WARN_NON_LITERAL_NULL_CONVERSION = YES;
				CLANG_WARN_OBJC_IMPLICIT_RETAIN_SELF = YES;
				CLANG_WARN_OBJC_LITERAL_CONVERSION = YES;
				CLANG_WARN_OBJC_ROOT_CLASS = YES_ERROR;
				CLANG_WARN_QUOTED_INCLUDE_IN_FRAMEWORK_HEADER = YES;
				CLANG_WARN_RANGE_LOOP_ANALYSIS = YES;
				CLANG_WARN_STRICT_PROTOTYPES = YES;
				CLANG_WARN_SUSPICIOUS_MOVE = YES;
				CLANG_WARN_UNGUARDED_AVAILABILITY = YES_AGGRESSIVE;
				CLANG_WARN_UNREACHABLE_CODE = YES;
				CLANG_WARN__DUPLICATE_METHOD_MATCH = YES;
				COPY_PHASE_STRIP = NO;
				DEBUG_INFORMATION_FORMAT = "dwarf-with-dsym";
				ENABLE_NS_ASSERTIONS = NO;
				ENABLE_STRICT_OBJC_MSGSEND = YES;
				GCC_C_LANGUAGE_STANDARD = gnu11;
				GCC_NO_COMMON_BLOCKS = YES;
				GCC_WARN_64_TO_32_BIT_CONVERSION = YES;
				GCC_WARN_ABOUT_RETURN_TYPE = YES_ERROR;
				GCC_WARN_UNDECLARED_SELECTOR = YES;
				GCC_WARN_UNINITIALIZED_AUTOS = YES_AGGRESSIVE;
				GCC_WARN_UNUSED_FUNCTION = YES;
				GCC_WARN_UNUSED_VARIABLE = YES;
				IPHONEOS_DEPLOYMENT_TARGET = 16.0;
				MTL_ENABLE_DEBUG_INFO = NO;
				MTL_FAST_MATH = YES;
				SDKROOT = iphoneos;
				SWIFT_COMPILATION_MODE = wholemodule;
				SWIFT_OPTIMIZATION_LEVEL = "-O";
				VALIDATE_PRODUCT = YES;
			};
			name = Release;
		};
		8C009A9928FD0CAE00382BE3 /* Debug */ = {
			isa = XCBuildConfiguration;
			buildSettings = {
				ASSETCATALOG_COMPILER_APPICON_NAME = AppIcon;
				ASSETCATALOG_COMPILER_GLOBAL_ACCENT_COLOR_NAME = AccentColor;
				CODE_SIGN_STYLE = Automatic;
				CURRENT_PROJECT_VERSION = 1;
				DEVELOPMENT_TEAM = 67AYPRFZH8;
				GENERATE_INFOPLIST_FILE = YES;
				INFOPLIST_FILE = MovieAgenda/Info.plist;
				INFOPLIST_KEY_UIApplicationSupportsIndirectInputEvents = YES;
				INFOPLIST_KEY_UILaunchStoryboardName = LaunchScreen;
				INFOPLIST_KEY_UIMainStoryboardFile = Main;
				INFOPLIST_KEY_UISupportedInterfaceOrientations = "UIInterfaceOrientationLandscapeLeft UIInterfaceOrientationLandscapeRight UIInterfaceOrientationPortrait UIInterfaceOrientationPortraitUpsideDown";
				LD_RUNPATH_SEARCH_PATHS = (
					"$(inherited)",
					"@executable_path/Frameworks",
				);
				MARKETING_VERSION = 1.0;
				PRODUCT_BUNDLE_IDENTIFIER = "academy.les.inf.puc-rio.MovieAgenda";
				PRODUCT_NAME = "$(TARGET_NAME)";
				SWIFT_EMIT_LOC_STRINGS = YES;
				SWIFT_VERSION = 5.0;
				TARGETED_DEVICE_FAMILY = "1,2";
			};
			name = Debug;
		};
		8C009A9A28FD0CAE00382BE3 /* Release */ = {
			isa = XCBuildConfiguration;
			buildSettings = {
				ASSETCATALOG_COMPILER_APPICON_NAME = AppIcon;
				ASSETCATALOG_COMPILER_GLOBAL_ACCENT_COLOR_NAME = AccentColor;
				CODE_SIGN_STYLE = Automatic;
				CURRENT_PROJECT_VERSION = 1;
				DEVELOPMENT_TEAM = 67AYPRFZH8;
				GENERATE_INFOPLIST_FILE = YES;
				INFOPLIST_FILE = MovieAgenda/Info.plist;
				INFOPLIST_KEY_UIApplicationSupportsIndirectInputEvents = YES;
				INFOPLIST_KEY_UILaunchStoryboardName = LaunchScreen;
				INFOPLIST_KEY_UIMainStoryboardFile = Main;
				INFOPLIST_KEY_UISupportedInterfaceOrientations = "UIInterfaceOrientationLandscapeLeft UIInterfaceOrientationLandscapeRight UIInterfaceOrientationPortrait UIInterfaceOrientationPortraitUpsideDown";
				LD_RUNPATH_SEARCH_PATHS = (
					"$(inherited)",
					"@executable_path/Frameworks",
				);
				MARKETING_VERSION = 1.0;
				PRODUCT_BUNDLE_IDENTIFIER = "academy.les.inf.puc-rio.MovieAgenda";
				PRODUCT_NAME = "$(TARGET_NAME)";
				SWIFT_EMIT_LOC_STRINGS = YES;
				SWIFT_VERSION = 5.0;
				TARGETED_DEVICE_FAMILY = "1,2";
			};
			name = Release;
		};
/* End XCBuildConfiguration section */

/* Begin XCConfigurationList section */
		8C009A7F28FD0CA900382BE3 /* Build configuration list for PBXProject "MovieAgenda" */ = {
			isa = XCConfigurationList;
			buildConfigurations = (
				8C009A9628FD0CAE00382BE3 /* Debug */,
				8C009A9728FD0CAE00382BE3 /* Release */,
			);
			defaultConfigurationIsVisible = 0;
			defaultConfigurationName = Release;
		};
		8C009A9828FD0CAE00382BE3 /* Build configuration list for PBXNativeTarget "MovieAgenda" */ = {
			isa = XCConfigurationList;
			buildConfigurations = (
				8C009A9928FD0CAE00382BE3 /* Debug */,
				8C009A9A28FD0CAE00382BE3 /* Release */,
			);
			defaultConfigurationIsVisible = 0;
			defaultConfigurationName = Release;
		};
/* End XCConfigurationList section */

/* Begin XCRemoteSwiftPackageReference section */
		8C009AA228FD0EF300382BE3 /* XCRemoteSwiftPackageReference "CodableExtensions" */ = {
			isa = XCRemoteSwiftPackageReference;
			repositoryURL = "https://github.com/rvenieris/CodableExtensions.git";
			requirement = {
				branch = main;
				kind = branch;
			};
		};
/* End XCRemoteSwiftPackageReference section */

/* Begin XCSwiftPackageProductDependency section */
		8C009AA328FD0EF300382BE3 /* CodableExtensions */ = {
			isa = XCSwiftPackageProductDependency;
			package = 8C009AA228FD0EF300382BE3 /* XCRemoteSwiftPackageReference "CodableExtensions" */;
			productName = CodableExtensions;
		};
/* End XCSwiftPackageProductDependency section */
	};
	rootObject = 8C009A7C28FD0CA900382BE3 /* Project object */;
}
